
Microsoft Visual Studio Solution File, Format Version 12.00
# Visual Studio Version 16
VisualStudioVersion = 16.0.32228.343
MinimumVisualStudioVersion = 10.0.40219.1
Project("{FAE04EC0-301F-11D3-BF4B-00C04F79EFBC}") = "LoginBasicoWFA", "LoginBasicoWFA.csproj", "{B189405D-1D29-4F9A-A09F-6CAAA0C632DC}"
EndProject
Global
	GlobalSection(SolutionConfigurationPlatforms) = preSolution
		Debug|Any CPU = Debug|Any CPU
		Release|Any CPU = Release|Any CPU
	EndGlobalSection
	GlobalSection(ProjectConfigurationPlatforms) = postSolution
		{B189405D-1D29-4F9A-A09F-6CAAA0C632DC}.Debug|Any CPU.ActiveCfg = Debug|Any CPU
		{B189405D-1D29-4F9A-A09F-6CAAA0C632DC}.Debug|Any CPU.Build.0 = Debug|Any CPU
		{B189405D-1D29-4F9A-A09F-6CAAA0C632DC}.Release|Any CPU.ActiveCfg = Release|Any CPU
		{B189405D-1D29-4F9A-A09F-6CAAA0C632DC}.Release|Any CPU.Build.0 = Release|Any CPU
	EndGlobalSection
	GlobalSection(SolutionProperties) = preSolution
		HideSolutionNode = FALSE
	EndGlobalSection
	GlobalSection(ExtensibilityGlobals) = postSolution
		SolutionGuid = {384CBFBD-2BD9-4D32-99D8-6FA8E0FCD56E}
	EndGlobalSection
EndGlobal
